
Microsoft Visual Studio Solution File, Format Version 12.00
# Visual Studio Version 16
VisualStudioVersion = 16.0.33927.289
MinimumVisualStudioVersion = 10.0.40219.1
Project("{2150E333-8FDC-42A3-9474-1A3956D46DE8}") = "Task0", "Task0", "{55C949CF-9C60-4872-BBE2-D0158E5C7ECD}"
EndProject
Project("{FAE04EC0-301F-11D3-BF4B-00C04F79EFBC}") = "Tyuiu.LebedevIV.Sprint4.Task0.V17", "Tyuiu.LebedevIV.Sprint4.Task0.V17\Tyuiu.LebedevIV.Sprint4.Task0.V17.csproj", "{F04F6BFF-B2EE-4940-B4CC-4818E7E2821E}"
EndProject
Project("{FAE04EC0-301F-11D3-BF4B-00C04F79EFBC}") = "Tyuiu.LebedevIV.Sprint4.Task0.V17.Test", "Tyuiu.LebedevIV.Sprint4.Task0.V17.Test\Tyuiu.LebedevIV.Sprint4.Task0.V17.Test.csproj", "{68E26D86-1A66-41DD-BB25-35327984D4EB}"
EndProject
Project("{FAE04EC0-301F-11D3-BF4B-00C04F79EFBC}") = "Tyuiu.LebedevIV.Sprint4.Task0.V17.Lib", "Tyuiu.LebedevIV.Sprint4.Task0.V17.Lib\Tyuiu.LebedevIV.Sprint4.Task0.V17.Lib.csproj", "{AF7D4DF8-848C-4BAB-AD99-AA0443CBAB89}"
EndProject
Project("{2150E333-8FDC-42A3-9474-1A3956D46DE8}") = "Task1", "Task1", "{7FF66357-B4BC-46C3-9DE9-343610318CF9}"
EndProject
Project("{FAE04EC0-301F-11D3-BF4B-00C04F79EFBC}") = "Tyuiu.LebedevIV.Sprint4.Task1.V19", "Tyuiu.LebedevIV.Sprint4.Task1.V19\Tyuiu.LebedevIV.Sprint4.Task1.V19.csproj", "{7F0101B9-2B15-4EC4-955A-32E6D14B1322}"
EndProject
Project("{FAE04EC0-301F-11D3-BF4B-00C04F79EFBC}") = "Tyuiu.LebedevIV.Sprint4.Task1.V19.Lib", "Tyuiu.LebedevIV.Sprint4.Task1.V19.Lib\Tyuiu.LebedevIV.Sprint4.Task1.V19.Lib.csproj", "{4CFDE693-F804-4327-AF7F-3F9BF3E50F2C}"
EndProject
Project("{FAE04EC0-301F-11D3-BF4B-00C04F79EFBC}") = "Tyuiu.LebedevIV.Sprint4.Task1.V19.Test", "Tyuiu.LebedevIV.Sprint4.Task1.V19.Test\Tyuiu.LebedevIV.Sprint4.Task1.V19.Test.csproj", "{6746906C-41D8-4D78-AC61-5AB86F90F0B4}"
EndProject
Project("{2150E333-8FDC-42A3-9474-1A3956D46DE8}") = "Task2", "Task2", "{17C189D7-DAA9-4118-B94E-8A15435D14D5}"
EndProject
Project("{FAE04EC0-301F-11D3-BF4B-00C04F79EFBC}") = "Tyuiu.LebedevIV.Sprint4.Task2.V8", "Tyuiu.LebedevIV.Sprint4.Task2.V8\Tyuiu.LebedevIV.Sprint4.Task2.V8.csproj", "{899535B5-7406-48BF-9B39-54705977E3E9}"
EndProject
Project("{FAE04EC0-301F-11D3-BF4B-00C04F79EFBC}") = "Tyuiu.LebedevIV.Sprint4.Task2.V8.Test", "Tyuiu.LebedevIV.Sprint4.Task2.V8.Test\Tyuiu.LebedevIV.Sprint4.Task2.V8.Test.csproj", "{706771F4-0BCF-40A2-B5D1-5E9A4847A345}"
EndProject
Project("{FAE04EC0-301F-11D3-BF4B-00C04F79EFBC}") = "Tyuiu.LebedevIV.Sprint4.Task2.V8.Lib", "Tyuiu.LebedevIV.Sprint4.Task2.V8.Lib\Tyuiu.LebedevIV.Sprint4.Task2.V8.Lib.csproj", "{7A56EDC8-DA93-448F-B6CE-D6AE25A86C19}"
EndProject
Project("{2150E333-8FDC-42A3-9474-1A3956D46DE8}") = "Task3", "Task3", "{12982326-C522-4345-85D9-ABB3A216645C}"
EndProject
Project("{FAE04EC0-301F-11D3-BF4B-00C04F79EFBC}") = "Tyuiu.LebedevIV.Sprint4.Task3.V28", "Tyuiu.LebedevIV.Sprint4.Task3.V28\Tyuiu.LebedevIV.Sprint4.Task3.V28.csproj", "{F1BFF8D2-E816-47C6-AAFD-E7770C1F71D0}"
EndProject
Project("{FAE04EC0-301F-11D3-BF4B-00C04F79EFBC}") = "Tyuiu.LebedevIV.Sprint4.Task3.V28.Lib", "Tyuiu.LebedevIV.Sprint4.Task3.V28.Lib\Tyuiu.LebedevIV.Sprint4.Task3.V28.Lib.csproj", "{BC0162AA-D871-4D37-9713-E3A70BC374A0}"
EndProject
Project("{FAE04EC0-301F-11D3-BF4B-00C04F79EFBC}") = "Tyuiu.LebedevIV.Sprint4.Task3.V28.Test", "Tyuiu.LebedevIV.Sprint4.Task3.V28.Test\Tyuiu.LebedevIV.Sprint4.Task3.V28.Test.csproj", "{E4CCB53B-F148-40C6-9206-566D6C5135C8}"
EndProject
Global
	GlobalSection(SolutionConfigurationPlatforms) = preSolution
		Debug|Any CPU = Debug|Any CPU
		Release|Any CPU = Release|Any CPU
	EndGlobalSection
	GlobalSection(ProjectConfigurationPlatforms) = postSolution
		{F04F6BFF-B2EE-4940-B4CC-4818E7E2821E}.Debug|Any CPU.ActiveCfg = Debug|Any CPU
		{F04F6BFF-B2EE-4940-B4CC-4818E7E2821E}.Debug|Any CPU.Build.0 = Debug|Any CPU
		{F04F6BFF-B2EE-4940-B4CC-4818E7E2821E}.Release|Any CPU.ActiveCfg = Release|Any CPU
		{F04F6BFF-B2EE-4940-B4CC-4818E7E2821E}.Release|Any CPU.Build.0 = Release|Any CPU
		{68E26D86-1A66-41DD-BB25-35327984D4EB}.Debug|Any CPU.ActiveCfg = Debug|Any CPU
		{68E26D86-1A66-41DD-BB25-35327984D4EB}.Debug|Any CPU.Build.0 = Debug|Any CPU
		{68E26D86-1A66-41DD-BB25-35327984D4EB}.Release|Any CPU.ActiveCfg = Release|Any CPU
		{68E26D86-1A66-41DD-BB25-35327984D4EB}.Release|Any CPU.Build.0 = Release|Any CPU
		{AF7D4DF8-848C-4BAB-AD99-AA0443CBAB89}.Debug|Any CPU.ActiveCfg = Debug|Any CPU
		{AF7D4DF8-848C-4BAB-AD99-AA0443CBAB89}.Debug|Any CPU.Build.0 = Debug|Any CPU
		{AF7D4DF8-848C-4BAB-AD99-AA0443CBAB89}.Release|Any CPU.ActiveCfg = Release|Any CPU
		{AF7D4DF8-848C-4BAB-AD99-AA0443CBAB89}.Release|Any CPU.Build.0 = Release|Any CPU
		{7F0101B9-2B15-4EC4-955A-32E6D14B1322}.Debug|Any CPU.ActiveCfg = Debug|Any CPU
		{7F0101B9-2B15-4EC4-955A-32E6D14B1322}.Debug|Any CPU.Build.0 = Debug|Any CPU
		{7F0101B9-2B15-4EC4-955A-32E6D14B1322}.Release|Any CPU.ActiveCfg = Release|Any CPU
		{7F0101B9-2B15-4EC4-955A-32E6D14B1322}.Release|Any CPU.Build.0 = Release|Any CPU
		{4CFDE693-F804-4327-AF7F-3F9BF3E50F2C}.Debug|Any CPU.ActiveCfg = Debug|Any CPU
		{4CFDE693-F804-4327-AF7F-3F9BF3E50F2C}.Debug|Any CPU.Build.0 = Debug|Any CPU
		{4CFDE693-F804-4327-AF7F-3F9BF3E50F2C}.Release|Any CPU.ActiveCfg = Release|Any CPU
		{4CFDE693-F804-4327-AF7F-3F9BF3E50F2C}.Release|Any CPU.Build.0 = Release|Any CPU
		{6746906C-41D8-4D78-AC61-5AB86F90F0B4}.Debug|Any CPU.ActiveCfg = Debug|Any CPU
		{6746906C-41D8-4D78-AC61-5AB86F90F0B4}.Debug|Any CPU.Build.0 = Debug|Any CPU
		{6746906C-41D8-4D78-AC61-5AB86F90F0B4}.Release|Any CPU.ActiveCfg = Release|Any CPU
		{6746906C-41D8-4D78-AC61-5AB86F90F0B4}.Release|Any CPU.Build.0 = Release|Any CPU
		{899535B5-7406-48BF-9B39-54705977E3E9}.Debug|Any CPU.ActiveCfg = Debug|Any CPU
		{899535B5-7406-48BF-9B39-54705977E3E9}.Debug|Any CPU.Build.0 = Debug|Any CPU
		{899535B5-7406-48BF-9B39-54705977E3E9}.Release|Any CPU.ActiveCfg = Release|Any CPU
		{899535B5-7406-48BF-9B39-54705977E3E9}.Release|Any CPU.Build.0 = Release|Any CPU
		{706771F4-0BCF-40A2-B5D1-5E9A4847A345}.Debug|Any CPU.ActiveCfg = Debug|Any CPU
		{706771F4-0BCF-40A2-B5D1-5E9A4847A345}.Debug|Any CPU.Build.0 = Debug|Any CPU
		{706771F4-0BCF-40A2-B5D1-5E9A4847A345}.Release|Any CPU.ActiveCfg = Release|Any CPU
		{706771F4-0BCF-40A2-B5D1-5E9A4847A345}.Release|Any CPU.Build.0 = Release|Any CPU
		{7A56EDC8-DA93-448F-B6CE-D6AE25A86C19}.Debug|Any CPU.ActiveCfg = Debug|Any CPU
		{7A56EDC8-DA93-448F-B6CE-D6AE25A86C19}.Debug|Any CPU.Build.0 = Debug|Any CPU
		{7A56EDC8-DA93-448F-B6CE-D6AE25A86C19}.Release|Any CPU.ActiveCfg = Release|Any CPU
		{7A56EDC8-DA93-448F-B6CE-D6AE25A86C19}.Release|Any CPU.Build.0 = Release|Any CPU
		{F1BFF8D2-E816-47C6-AAFD-E7770C1F71D0}.Debug|Any CPU.ActiveCfg = Debug|Any CPU
		{F1BFF8D2-E816-47C6-AAFD-E7770C1F71D0}.Debug|Any CPU.Build.0 = Debug|Any CPU
		{F1BFF8D2-E816-47C6-AAFD-E7770C1F71D0}.Release|Any CPU.ActiveCfg = Release|Any CPU
		{F1BFF8D2-E816-47C6-AAFD-E7770C1F71D0}.Release|Any CPU.Build.0 = Release|Any CPU
		{BC0162AA-D871-4D37-9713-E3A70BC374A0}.Debug|Any CPU.ActiveCfg = Debug|Any CPU
		{BC0162AA-D871-4D37-9713-E3A70BC374A0}.Debug|Any CPU.Build.0 = Debug|Any CPU
		{BC0162AA-D871-4D37-9713-E3A70BC374A0}.Release|Any CPU.ActiveCfg = Release|Any CPU
		{BC0162AA-D871-4D37-9713-E3A70BC374A0}.Release|Any CPU.Build.0 = Release|Any CPU
		{E4CCB53B-F148-40C6-9206-566D6C5135C8}.Debug|Any CPU.ActiveCfg = Debug|Any CPU
		{E4CCB53B-F148-40C6-9206-566D6C5135C8}.Debug|Any CPU.Build.0 = Debug|Any CPU
		{E4CCB53B-F148-40C6-9206-566D6C5135C8}.Release|Any CPU.ActiveCfg = Release|Any CPU
		{E4CCB53B-F148-40C6-9206-566D6C5135C8}.Release|Any CPU.Build.0 = Release|Any CPU
	EndGlobalSection
	GlobalSection(SolutionProperties) = preSolution
		HideSolutionNode = FALSE
	EndGlobalSection
	GlobalSection(NestedProjects) = preSolution
		{F04F6BFF-B2EE-4940-B4CC-4818E7E2821E} = {55C949CF-9C60-4872-BBE2-D0158E5C7ECD}
		{68E26D86-1A66-41DD-BB25-35327984D4EB} = {55C949CF-9C60-4872-BBE2-D0158E5C7ECD}
		{AF7D4DF8-848C-4BAB-AD99-AA0443CBAB89} = {55C949CF-9C60-4872-BBE2-D0158E5C7ECD}
		{7F0101B9-2B15-4EC4-955A-32E6D14B1322} = {7FF66357-B4BC-46C3-9DE9-343610318CF9}
		{4CFDE693-F804-4327-AF7F-3F9BF3E50F2C} = {7FF66357-B4BC-46C3-9DE9-343610318CF9}
		{6746906C-41D8-4D78-AC61-5AB86F90F0B4} = {7FF66357-B4BC-46C3-9DE9-343610318CF9}
		{899535B5-7406-48BF-9B39-54705977E3E9} = {17C189D7-DAA9-4118-B94E-8A15435D14D5}
		{706771F4-0BCF-40A2-B5D1-5E9A4847A345} = {17C189D7-DAA9-4118-B94E-8A15435D14D5}
		{7A56EDC8-DA93-448F-B6CE-D6AE25A86C19} = {17C189D7-DAA9-4118-B94E-8A15435D14D5}
		{F1BFF8D2-E816-47C6-AAFD-E7770C1F71D0} = {12982326-C522-4345-85D9-ABB3A216645C}
		{BC0162AA-D871-4D37-9713-E3A70BC374A0} = {12982326-C522-4345-85D9-ABB3A216645C}
		{E4CCB53B-F148-40C6-9206-566D6C5135C8} = {12982326-C522-4345-85D9-ABB3A216645C}
	EndGlobalSection
	GlobalSection(ExtensibilityGlobals) = postSolution
		SolutionGuid = {7E61BC9C-646D-4A4D-9163-6CE22014E7B1}
	EndGlobalSection
EndGlobal
